Microsoft Visual Studio Solution File, Format Version 12.00
# Visual Studio Version 17
VisualStudioVersion = 17.5.2.0
MinimumVisualStudioVersion = 10.0.40219.1
Project("{2150E333-8FDC-42A3-9474-1A3956D46DE8}") = "tools", "tools", "{07C2787E-EAC7-C090-1BA3-A61EC2A24D84}"
EndProject
Project("{FAE04EC0-301F-11D3-BF4B-00C04F79EFBC}") = "ArtRasterizer", "tools\ArtRasterizer\ArtRasterizer.csproj", "{FCFB9D57-361F-BA1F-35F2-87EA1056C46B}"
EndProject
Global
	GlobalSection(SolutionConfigurationPlatforms) = preSolution
		Debug|Any CPU = Debug|Any CPU
		Release|Any CPU = Release|Any CPU
	EndGlobalSection
	GlobalSection(ProjectConfigurationPlatforms) = postSolution
		{FCFB9D57-361F-BA1F-35F2-87EA1056C46B}.Debug|Any CPU.ActiveCfg = Debug|Any CPU
		{FCFB9D57-361F-BA1F-35F2-87EA1056C46B}.Debug|Any CPU.Build.0 = Debug|Any CPU
		{FCFB9D57-361F-BA1F-35F2-87EA1056C46B}.Release|Any CPU.ActiveCfg = Release|Any CPU
		{FCFB9D57-361F-BA1F-35F2-87EA1056C46B}.Release|Any CPU.Build.0 = Release|Any CPU
	EndGlobalSection
	GlobalSection(SolutionProperties) = preSolution
		HideSolutionNode = FALSE
	EndGlobalSection
	GlobalSection(NestedProjects) = preSolution
		{FCFB9D57-361F-BA1F-35F2-87EA1056C46B} = {07C2787E-EAC7-C090-1BA3-A61EC2A24D84}
	EndGlobalSection
	GlobalSection(ExtensibilityGlobals) = postSolution
		SolutionGuid = {75374CF6-B39D-418B-8C67-95600BE7BE2C}
	EndGlobalSection
EndGlobal
